// !$*UTF8*$!
{
	archiveVersion = 1;
	classes = {
	};
	objectVersion = 50;
	objects = {

/* Begin PBXBuildFile section */
		E92718B9261B0AF800EB0FBB /* AppDelegate.swift in Sources */ = {isa = PBXBuildFile; fileRef = E92718B8261B0AF800EB0FBB /* AppDelegate.swift */; };
		E92718BB261B0AF800EB0FBB /* SceneDelegate.swift in Sources */ = {isa = PBXBuildFile; fileRef = E92718BA261B0AF800EB0FBB /* SceneDelegate.swift */; };
		E92718BD261B0AF800EB0FBB /* ViewController.swift in Sources */ = {isa = PBXBuildFile; fileRef = E92718BC261B0AF800EB0FBB /* ViewController.swift */; };
		E92718C0261B0AF800EB0FBB /* Main.storyboard in Resources */ = {isa = PBXBuildFile; fileRef = E92718BE261B0AF800EB0FBB /* Main.storyboard */; };
		E92718C3261B0AF800EB0FBB /* Weather.xcdatamodeld in Sources */ = {isa = PBXBuildFile; fileRef = E92718C1261B0AF800EB0FBB /* Weather.xcdatamodeld */; };
		E92718C5261B0AFB00EB0FBB /* Assets.xcassets in Resources */ = {isa = PBXBuildFile; fileRef = E92718C4261B0AFB00EB0FBB /* Assets.xcassets */; };
		E92718C8261B0AFB00EB0FBB /* LaunchScreen.storyboard in Resources */ = {isa = PBXBuildFile; fileRef = E92718C6261B0AFB00EB0FBB /* LaunchScreen.storyboard */; };
		E92718D2261C406700EB0FBB /* CustomTodayTableViewCell.swift in Sources */ = {isa = PBXBuildFile; fileRef = E92718D1261C406700EB0FBB /* CustomTodayTableViewCell.swift */; };
		E92718D7261C6E5400EB0FBB /* CustomApparelCollectionViewCell.swift in Sources */ = {isa = PBXBuildFile; fileRef = E92718D6261C6E5400EB0FBB /* CustomApparelCollectionViewCell.swift */; };
		E92718DA261C75E200EB0FBB /* CustomCollectionViewTableViewCell.swift in Sources */ = {isa = PBXBuildFile; fileRef = E92718D9261C75E200EB0FBB /* CustomCollectionViewTableViewCell.swift */; };
		E92718DD261DA2F800EB0FBB /* CustomThreeHoursCollectionTableViewCell.swift in Sources */ = {isa = PBXBuildFile; fileRef = E92718DC261DA2F800EB0FBB /* CustomThreeHoursCollectionTableViewCell.swift */; };
		E92718E0261DAC4C00EB0FBB /* CustomThreeHoursCollectionViewCell.swift in Sources */ = {isa = PBXBuildFile; fileRef = E92718DF261DAC4C00EB0FBB /* CustomThreeHoursCollectionViewCell.swift */; };
		E92718E3261EF13100EB0FBB /* CustomWeekCollectionViewCell.swift in Sources */ = {isa = PBXBuildFile; fileRef = E92718E2261EF13100EB0FBB /* CustomWeekCollectionViewCell.swift */; };
		E92718E6261EF1CB00EB0FBB /* CustomWeekCollectionTableViewCell.swift in Sources */ = {isa = PBXBuildFile; fileRef = E92718E5261EF1CB00EB0FBB /* CustomWeekCollectionTableViewCell.swift */; };
		E94E0918262027410025E141 /* SearchViewController.swift in Sources */ = {isa = PBXBuildFile; fileRef = E94E0917262027410025E141 /* SearchViewController.swift */; };
		E94E091D26205BAA0025E141 /* UIViewControllerExtension.swift in Sources */ = {isa = PBXBuildFile; fileRef = E94E091C26205BAA0025E141 /* UIViewControllerExtension.swift */; };
		E94E092026244AD90025E141 /* Map.swift in Sources */ = {isa = PBXBuildFile; fileRef = E94E091F26244AD90025E141 /* Map.swift */; };
		E94E092326244E850025E141 /* Coordinate.swift in Sources */ = {isa = PBXBuildFile; fileRef = E94E092226244E850025E141 /* Coordinate.swift */; };
		E94E09262626B2CD0025E141 /* Network.swift in Sources */ = {isa = PBXBuildFile; fileRef = E94E09252626B2CD0025E141 /* Network.swift */; };
		E94E09292626D7B20025E141 /* ConvertGrid.swift in Sources */ = {isa = PBXBuildFile; fileRef = E94E09282626D7B20025E141 /* ConvertGrid.swift */; };
		E94E092C2626DB380025E141 /* APIResponse.swift in Sources */ = {isa = PBXBuildFile; fileRef = E94E092B2626DB380025E141 /* APIResponse.swift */; };
		E94E092F262845CA0025E141 /* DateExtension.swift in Sources */ = {isa = PBXBuildFile; fileRef = E94E092E262845CA0025E141 /* DateExtension.swift */; };
		E9CF4BFC262966BA0077887B /* DataManager.swift in Sources */ = {isa = PBXBuildFile; fileRef = E9CF4BFB262966BA0077887B /* DataManager.swift */; };
		E9E0CD85263964D20011B2D7 /* JsonParser.swift in Sources */ = {isa = PBXBuildFile; fileRef = E9E0CD84263964D20011B2D7 /* JsonParser.swift */; };
/* End PBXBuildFile section */

/* Begin PBXFileReference section */
		E92718B5261B0AF800EB0FBB /* Weather.app */ = {isa = PBXFileReference; explicitFileType = wrapper.application; includeInIndex = 0; path = Weather.app; sourceTree = BUILT_PRODUCTS_DIR; };
		E92718B8261B0AF800EB0FBB /* AppDelegate.swift */ = {isa = PBXFileReference; lastKnownFileType = sourcecode.swift; path = AppDelegate.swift; sourceTree = "<group>"; };
		E92718BA261B0AF800EB0FBB /* SceneDelegate.swift */ = {isa = PBXFileReference; lastKnownFileType = sourcecode.swift; path = SceneDelegate.swift; sourceTree = "<group>"; };
		E92718BC261B0AF800EB0FBB /* ViewController.swift */ = {isa = PBXFileReference; lastKnownFileType = sourcecode.swift; path = ViewController.swift; sourceTree = "<group>"; };
		E92718BF261B0AF800EB0FBB /* Base */ = {isa = PBXFileReference; lastKnownFileType = file.storyboard; name = Base; path = Base.lproj/Main.storyboard; sourceTree = "<group>"; };
		E92718C2261B0AF800EB0FBB /* Weather.xcdatamodel */ = {isa = PBXFileReference; lastKnownFileType = wrapper.xcdatamodel; path = Weather.xcdatamodel; sourceTree = "<group>"; };
		E92718C4261B0AFB00EB0FBB /* Assets.xcassets */ = {isa = PBXFileReference; lastKnownFileType = folder.assetcatalog; path = Assets.xcassets; sourceTree = "<group>"; };
		E92718C7261B0AFB00EB0FBB /* Base */ = {isa = PBXFileReference; lastKnownFileType = file.storyboard; name = Base; path = Base.lproj/LaunchScreen.storyboard; sourceTree = "<group>"; };
		E92718C9261B0AFB00EB0FBB /* Info.plist */ = {isa = PBXFileReference; lastKnownFileType = text.plist.xml; path = Info.plist; sourceTree = "<group>"; };
		E92718D1261C406700EB0FBB /* CustomTodayTableViewCell.swift */ = {isa = PBXFileReference; lastKnownFileType = sourcecode.swift; path = CustomTodayTableViewCell.swift; sourceTree = "<group>"; };
		E92718D6261C6E5400EB0FBB /* CustomApparelCollectionViewCell.swift */ = {isa = PBXFileReference; lastKnownFileType = sourcecode.swift; path = CustomApparelCollectionViewCell.swift; sourceTree = "<group>"; };
		E92718D9261C75E200EB0FBB /* CustomCollectionViewTableViewCell.swift */ = {isa = PBXFileReference; lastKnownFileType = sourcecode.swift; path = CustomCollectionViewTableViewCell.swift; sourceTree = "<group>"; };
		E92718DC261DA2F800EB0FBB /* CustomThreeHoursCollectionTableViewCell.swift */ = {isa = PBXFileReference; lastKnownFileType = sourcecode.swift; path = CustomThreeHoursCollectionTableViewCell.swift; sourceTree = "<group>"; };
		E92718DF261DAC4C00EB0FBB /* CustomThreeHoursCollectionViewCell.swift */ = {isa = PBXFileReference; lastKnownFileType = sourcecode.swift; path = CustomThreeHoursCollectionViewCell.swift; sourceTree = "<group>"; };
		E92718E2261EF13100EB0FBB /* CustomWeekCollectionViewCell.swift */ = {isa = PBXFileReference; lastKnownFileType = sourcecode.swift; path = CustomWeekCollectionViewCell.swift; sourceTree = "<group>"; };
		E92718E5261EF1CB00EB0FBB /* CustomWeekCollectionTableViewCell.swift */ = {isa = PBXFileReference; lastKnownFileType = sourcecode.swift; path = CustomWeekCollectionTableViewCell.swift; sourceTree = "<group>"; };
		E94E0917262027410025E141 /* SearchViewController.swift */ = {isa = PBXFileReference; lastKnownFileType = sourcecode.swift; path = SearchViewController.swift; sourceTree = "<group>"; };
		E94E091C26205BAA0025E141 /* UIViewControllerExtension.swift */ = {isa = PBXFileReference; lastKnownFileType = sourcecode.swift; path = UIViewControllerExtension.swift; sourceTree = "<group>"; };
		E94E091F26244AD90025E141 /* Map.swift */ = {isa = PBXFileReference; lastKnownFileType = sourcecode.swift; path = Map.swift; sourceTree = "<group>"; };
		E94E092226244E850025E141 /* Coordinate.swift */ = {isa = PBXFileReference; lastKnownFileType = sourcecode.swift; path = Coordinate.swift; sourceTree = "<group>"; };
		E94E09252626B2CD0025E141 /* Network.swift */ = {isa = PBXFileReference; lastKnownFileType = sourcecode.swift; path = Network.swift; sourceTree = "<group>"; };
		E94E09282626D7B20025E141 /* ConvertGrid.swift */ = {isa = PBXFileReference; lastKnownFileType = sourcecode.swift; path = ConvertGrid.swift; sourceTree = "<group>"; };
		E94E092B2626DB380025E141 /* APIResponse.swift */ = {isa = PBXFileReference; lastKnownFileType = sourcecode.swift; path = APIResponse.swift; sourceTree = "<group>"; };
		E94E092E262845CA0025E141 /* DateExtension.swift */ = {isa = PBXFileReference; lastKnownFileType = sourcecode.swift; path = DateExtension.swift; sourceTree = "<group>"; };
		E9CF4BFB262966BA0077887B /* DataManager.swift */ = {isa = PBXFileReference; lastKnownFileType = sourcecode.swift; path = DataManager.swift; sourceTree = "<group>"; };
		E9E0CD84263964D20011B2D7 /* JsonParser.swift */ = {isa = PBXFileReference; lastKnownFileType = sourcecode.swift; path = JsonParser.swift; sourceTree = "<group>"; };
/* End PBXFileReference section */

/* Begin PBXFrameworksBuildPhase section */
		E92718B2261B0AF800EB0FBB /* Frameworks */ = {
			isa = PBXFrameworksBuildPhase;
			buildActionMask = 2147483647;
			files = (
			);
			runOnlyForDeploymentPostprocessing = 0;
		};
/* End PBXFrameworksBuildPhase section */

/* Begin PBXGroup section */
		E92718AC261B0AF800EB0FBB = {
			isa = PBXGroup;
			children = (
				E92718B7261B0AF800EB0FBB /* Weather */,
				E92718B6261B0AF800EB0FBB /* Products */,
			);
			sourceTree = "<group>";
		};
		E92718B6261B0AF800EB0FBB /* Products */ = {
			isa = PBXGroup;
			children = (
				E92718B5261B0AF800EB0FBB /* Weather.app */,
			);
			name = Products;
			sourceTree = "<group>";
		};
		E92718B7261B0AF800EB0FBB /* Weather */ = {
			isa = PBXGroup;
			children = (
				E9CF4C082636C3000077887B /* Service */,
				E9CF4C052636B57F0077887B /* ViewModel */,
				E9CF4C042636B55F0077887B /* delete */,
				E9CF4C022636B47D0077887B /* Model */,
				E9CF4C012636B4560077887B /* View */,
				E9CF4C002636B4410077887B /* AppDelegate */,
				E9CF4BFF2636B42A0077887B /* Resource */,
				E9CF4BFA262966A10077887B /* Data */,
				E94E091B26205B3F0025E141 /* Extension */,
				E92718C9261B0AFB00EB0FBB /* Info.plist */,
				E92718C1261B0AF800EB0FBB /* Weather.xcdatamodeld */,
			);
			path = Weather;
			sourceTree = "<group>";
		};
		E94E091B26205B3F0025E141 /* Extension */ = {
			isa = PBXGroup;
			children = (
				E94E091C26205BAA0025E141 /* UIViewControllerExtension.swift */,
				E94E092E262845CA0025E141 /* DateExtension.swift */,
			);
			path = Extension;
			sourceTree = "<group>";
		};
		E9CF4BFA262966A10077887B /* Data */ = {
			isa = PBXGroup;
			children = (
				E9CF4BFB262966BA0077887B /* DataManager.swift */,
			);
			path = Data;
			sourceTree = "<group>";
		};
		E9CF4BFF2636B42A0077887B /* Resource */ = {
			isa = PBXGroup;
			children = (
				E92718C4261B0AFB00EB0FBB /* Assets.xcassets */,
			);
			path = Resource;
			sourceTree = "<group>";
		};
		E9CF4C002636B4410077887B /* AppDelegate */ = {
			isa = PBXGroup;
			children = (
				E92718B8261B0AF800EB0FBB /* AppDelegate.swift */,
				E92718BA261B0AF800EB0FBB /* SceneDelegate.swift */,
			);
			path = AppDelegate;
			sourceTree = "<group>";
		};
		E9CF4C012636B4560077887B /* View */ = {
			isa = PBXGroup;
			children = (
				E9CF4C0A2636C3750077887B /* Cells */,
				E9CF4C092636C36C0077887B /* Controller */,
				E92718BE261B0AF800EB0FBB /* Main.storyboard */,
				E92718C6261B0AFB00EB0FBB /* LaunchScreen.storyboard */,
			);
			path = View;
			sourceTree = "<group>";
		};
		E9CF4C022636B47D0077887B /* Model */ = {
			isa = PBXGroup;
			children = (
				E94E091F26244AD90025E141 /* Map.swift */,
			);
			path = Model;
			sourceTree = "<group>";
		};
		E9CF4C042636B55F0077887B /* delete */ = {
			isa = PBXGroup;
			children = (
				E94E092226244E850025E141 /* Coordinate.swift */,
			);
			path = delete;
			sourceTree = "<group>";
		};
		E9CF4C052636B57F0077887B /* ViewModel */ = {
			isa = PBXGroup;
			children = (
				E94E09282626D7B20025E141 /* ConvertGrid.swift */,
				E94E092B2626DB380025E141 /* APIResponse.swift */,
			);
			path = ViewModel;
			sourceTree = "<group>";
		};
		E9CF4C082636C3000077887B /* Service */ = {
			isa = PBXGroup;
			children = (
				E94E09252626B2CD0025E141 /* Network.swift */,
				E9E0CD84263964D20011B2D7 /* JsonParser.swift */,
			);
			path = Service;
			sourceTree = "<group>";
		};
		E9CF4C092636C36C0077887B /* Controller */ = {
			isa = PBXGroup;
			children = (
				E92718BC261B0AF800EB0FBB /* ViewController.swift */,
				E94E0917262027410025E141 /* SearchViewController.swift */,
			);
			path = Controller;
			sourceTree = "<group>";
		};
		E9CF4C0A2636C3750077887B /* Cells */ = {
			isa = PBXGroup;
			children = (
				E92718D1261C406700EB0FBB /* CustomTodayTableViewCell.swift */,
				E92718D6261C6E5400EB0FBB /* CustomApparelCollectionViewCell.swift */,
				E92718D9261C75E200EB0FBB /* CustomCollectionViewTableViewCell.swift */,
				E92718DC261DA2F800EB0FBB /* CustomThreeHoursCollectionTableViewCell.swift */,
				E92718DF261DAC4C00EB0FBB /* CustomThreeHoursCollectionViewCell.swift */,
				E92718E2261EF13100EB0FBB /* CustomWeekCollectionViewCell.swift */,
				E92718E5261EF1CB00EB0FBB /* CustomWeekCollectionTableViewCell.swift */,
			);
			path = Cells;
			sourceTree = "<group>";
		};
/* End PBXGroup section */

/* Begin PBXNativeTarget section */
		E92718B4261B0AF800EB0FBB /* Weather */ = {
			isa = PBXNativeTarget;
			buildConfigurationList = E92718CC261B0AFB00EB0FBB /* Build configuration list for PBXNativeTarget "Weather" */;
			buildPhases = (
				E92718B1261B0AF800EB0FBB /* Sources */,
				E92718B2261B0AF800EB0FBB /* Frameworks */,
				E92718B3261B0AF800EB0FBB /* Resources */,
			);
			buildRules = (
			);
			dependencies = (
			);
			name = Weather;
			productName = Weather;
			productReference = E92718B5261B0AF800EB0FBB /* Weather.app */;
			productType = "com.apple.product-type.application";
		};
/* End PBXNativeTarget section */

/* Begin PBXProject section */
		E92718AD261B0AF800EB0FBB /* Project object */ = {
			isa = PBXProject;
			attributes = {
				LastSwiftUpdateCheck = 1220;
				LastUpgradeCheck = 1220;
				TargetAttributes = {
					E92718B4261B0AF800EB0FBB = {
						CreatedOnToolsVersion = 12.2;
					};
				};
			};
			buildConfigurationList = E92718B0261B0AF800EB0FBB /* Build configuration list for PBXProject "Weather" */;
			compatibilityVersion = "Xcode 9.3";
			developmentRegion = en;
			hasScannedForEncodings = 0;
			knownRegions = (
				en,
				Base,
			);
			mainGroup = E92718AC261B0AF800EB0FBB;
			productRefGroup = E92718B6261B0AF800EB0FBB /* Products */;
			projectDirPath = "";
			projectRoot = "";
			targets = (
				E92718B4261B0AF800EB0FBB /* Weather */,
			);
		};
/* End PBXProject section */

/* Begin PBXResourcesBuildPhase section */
		E92718B3261B0AF800EB0FBB /* Resources */ = {
			isa = PBXResourcesBuildPhase;
			buildActionMask = 2147483647;
			files = (
				E92718C8261B0AFB00EB0FBB /* LaunchScreen.storyboard in Resources */,
				E92718C5261B0AFB00EB0FBB /* Assets.xcassets in Resources */,
				E92718C0261B0AF800EB0FBB /* Main.storyboard in Resources */,
			);
			runOnlyForDeploymentPostprocessing = 0;
		};
/* End PBXResourcesBuildPhase section */

/* Begin PBXSourcesBuildPhase section */
		E92718B1261B0AF800EB0FBB /* Sources */ = {
			isa = PBXSourcesBuildPhase;
			buildActionMask = 2147483647;
			files = (
				E92718E6261EF1CB00EB0FBB /* CustomWeekCollectionTableViewCell.swift in Sources */,
				E9CF4BFC262966BA0077887B /* DataManager.swift in Sources */,
				E92718D2261C406700EB0FBB /* CustomTodayTableViewCell.swift in Sources */,
				E94E09262626B2CD0025E141 /* Network.swift in Sources */,
				E92718D7261C6E5400EB0FBB /* CustomApparelCollectionViewCell.swift in Sources */,
				E9E0CD85263964D20011B2D7 /* JsonParser.swift in Sources */,
				E92718DA261C75E200EB0FBB /* CustomCollectionViewTableViewCell.swift in Sources */,
				E94E092F262845CA0025E141 /* DateExtension.swift in Sources */,
				E92718DD261DA2F800EB0FBB /* CustomThreeHoursCollectionTableViewCell.swift in Sources */,
				E92718C3261B0AF800EB0FBB /* Weather.xcdatamodeld in Sources */,
				E94E0918262027410025E141 /* SearchViewController.swift in Sources */,
				E92718BD261B0AF800EB0FBB /* ViewController.swift in Sources */,
				E92718E0261DAC4C00EB0FBB /* CustomThreeHoursCollectionViewCell.swift in Sources */,
				E94E091D26205BAA0025E141 /* UIViewControllerExtension.swift in Sources */,
				E94E092026244AD90025E141 /* Map.swift in Sources */,
				E92718E3261EF13100EB0FBB /* CustomWeekCollectionViewCell.swift in Sources */,
				E94E09292626D7B20025E141 /* ConvertGrid.swift in Sources */,
				E92718B9261B0AF800EB0FBB /* AppDelegate.swift in Sources */,
				E92718BB261B0AF800EB0FBB /* SceneDelegate.swift in Sources */,
				E94E092326244E850025E141 /* Coordinate.swift in Sources */,
				E94E092C2626DB380025E141 /* APIResponse.swift in Sources */,
			);
			runOnlyForDeploymentPostprocessing = 0;
		};
/* End PBXSourcesBuildPhase section */

/* Begin PBXVariantGroup section */
		E92718BE261B0AF800EB0FBB /* Main.storyboard */ = {
			isa = PBXVariantGroup;
			children = (
				E92718BF261B0AF800EB0FBB /* Base */,
			);
			name = Main.storyboard;
			sourceTree = "<group>";
		};
		E92718C6261B0AFB00EB0FBB /* LaunchScreen.storyboard */ = {
			isa = PBXVariantGroup;
			children = (
				E92718C7261B0AFB00EB0FBB /* Base */,
			);
			name = LaunchScreen.storyboard;
			sourceTree = "<group>";
		};
/* End PBXVariantGroup section */

/* Begin XCBuildConfiguration section */
		E92718CA261B0AFB00EB0FBB /* Debug */ = {
			isa = XCBuildConfiguration;
			buildSettings = {
				ALWAYS_SEARCH_USER_PATHS = NO;
				CLANG_ANALYZER_NONNULL = YES;
				CLANG_ANALYZER_NUMBER_OBJECT_CONVERSION = YES_AGGRESSIVE;
				CLANG_CXX_LANGUAGE_STANDARD = "gnu++14";
				CLANG_CXX_LIBRARY = "libc++";
				CLANG_ENABLE_MODULES = YES;
				CLANG_ENABLE_OBJC_ARC = YES;
				CLANG_ENABLE_OBJC_WEAK = YES;
				CLANG_WARN_BLOCK_CAPTURE_AUTORELEASING = YES;
				CLANG_WARN_BOOL_CONVERSION = YES;
				CLANG_WARN_COMMA = YES;
				CLANG_WARN_CONSTANT_CONVERSION = YES;
				CLANG_WARN_DEPRECATED_OBJC_IMPLEMENTATIONS = YES;
				CLANG_WARN_DIRECT_OBJC_ISA_USAGE = YES_ERROR;
				CLANG_WARN_DOCUMENTATION_COMMENTS = YES;
				CLANG_WARN_EMPTY_BODY = YES;
				CLANG_WARN_ENUM_CONVERSION = YES;
				CLANG_WARN_INFINITE_RECURSION = YES;
				CLANG_WARN_INT_CONVERSION = YES;
				CLANG_WARN_NON_LITERAL_NULL_CONVERSION = YES;
				CLANG_WARN_OBJC_IMPLICIT_RETAIN_SELF = YES;
				CLANG_WARN_OBJC_LITERAL_CONVERSION = YES;
				CLANG_WARN_OBJC_ROOT_CLASS = YES_ERROR;
				CLANG_WARN_QUOTED_INCLUDE_IN_FRAMEWORK_HEADER = YES;
				CLANG_WARN_RANGE_LOOP_ANALYSIS = YES;
				CLANG_WARN_STRICT_PROTOTYPES = YES;
				CLANG_WARN_SUSPICIOUS_MOVE = YES;
				CLANG_WARN_UNGUARDED_AVAILABILITY = YES_AGGRESSIVE;
				CLANG_WARN_UNREACHABLE_CODE = YES;
				CLANG_WARN__DUPLICATE_METHOD_MATCH = YES;
				COPY_PHASE_STRIP = NO;
				DEBUG_INFORMATION_FORMAT = dwarf;
				ENABLE_STRICT_OBJC_MSGSEND = YES;
				ENABLE_TESTABILITY = YES;
				GCC_C_LANGUAGE_STANDARD = gnu11;
				GCC_DYNAMIC_NO_PIC = NO;
				GCC_NO_COMMON_BLOCKS = YES;
				GCC_OPTIMIZATION_LEVEL = 0;
				GCC_PREPROCESSOR_DEFINITIONS = (
					"DEBUG=1",
					"$(inherited)",
				);
				GCC_WARN_64_TO_32_BIT_CONVERSION = YES;
				GCC_WARN_ABOUT_RETURN_TYPE = YES_ERROR;
				GCC_WARN_UNDECLARED_SELECTOR = YES;
				GCC_WARN_UNINITIALIZED_AUTOS = YES_AGGRESSIVE;
				GCC_WARN_UNUSED_FUNCTION = YES;
				GCC_WARN_UNUSED_VARIABLE = YES;
				IPHONEOS_DEPLOYMENT_TARGET = 14.2;
				MTL_ENABLE_DEBUG_INFO = INCLUDE_SOURCE;
				MTL_FAST_MATH = YES;
				ONLY_ACTIVE_ARCH = YES;
				SDKROOT = iphoneos;
				SWIFT_ACTIVE_COMPILATION_CONDITIONS = DEBUG;
				SWIFT_OPTIMIZATION_LEVEL = "-Onone";
			};
			name = Debug;
		};
		E92718CB261B0AFB00EB0FBB /* Release */ = {
			isa = XCBuildConfiguration;
			buildSettings = {
				ALWAYS_SEARCH_USER_PATHS = NO;
				CLANG_ANALYZER_NONNULL = YES;
				CLANG_ANALYZER_NUMBER_OBJECT_CONVERSION = YES_AGGRESSIVE;
				CLANG_CXX_LANGUAGE_STANDARD = "gnu++14";
				CLANG_CXX_LIBRARY = "libc++";
				CLANG_ENABLE_MODULES = YES;
				CLANG_ENABLE_OBJC_ARC = YES;
				CLANG_ENABLE_OBJC_WEAK = YES;
				CLANG_WARN_BLOCK_CAPTURE_AUTORELEASING = YES;
				CLANG_WARN_BOOL_CONVERSION = YES;
				CLANG_WARN_COMMA = YES;
				CLANG_WARN_CONSTANT_CONVERSION = YES;
				CLANG_WARN_DEPRECATED_OBJC_IMPLEMENTATIONS = YES;
				CLANG_WARN_DIRECT_OBJC_ISA_USAGE = YES_ERROR;
				CLANG_WARN_DOCUMENTATION_COMMENTS = YES;
				CLANG_WARN_EMPTY_BODY = YES;
				CLANG_WARN_ENUM_CONVERSION = YES;
				CLANG_WARN_INFINITE_RECURSION = YES;
				CLANG_WARN_INT_CONVERSION = YES;
				CLANG_WARN_NON_LITERAL_NULL_CONVERSION = YES;
				CLANG_WARN_OBJC_IMPLICIT_RETAIN_SELF = YES;
				CLANG_WARN_OBJC_LITERAL_CONVERSION = YES;
				CLANG_WARN_OBJC_ROOT_CLASS = YES_ERROR;
				CLANG_WARN_QUOTED_INCLUDE_IN_FRAMEWORK_HEADER = YES;
				CLANG_WARN_RANGE_LOOP_ANALYSIS = YES;
				CLANG_WARN_STRICT_PROTOTYPES = YES;
				CLANG_WARN_SUSPICIOUS_MOVE = YES;
				CLANG_WARN_UNGUARDED_AVAILABILITY = YES_AGGRESSIVE;
				CLANG_WARN_UNREACHABLE_CODE = YES;
				CLANG_WARN__DUPLICATE_METHOD_MATCH = YES;
				COPY_PHASE_STRIP = NO;
				DEBUG_INFORMATION_FORMAT = "dwarf-with-dsym";
				ENABLE_NS_ASSERTIONS = NO;
				ENABLE_STRICT_OBJC_MSGSEND = YES;
				GCC_C_LANGUAGE_STANDARD = gnu11;
				GCC_NO_COMMON_BLOCKS = YES;
				GCC_WARN_64_TO_32_BIT_CONVERSION = YES;
				GCC_WARN_ABOUT_RETURN_TYPE = YES_ERROR;
				GCC_WARN_UNDECLARED_SELECTOR = YES;
				GCC_WARN_UNINITIALIZED_AUTOS = YES_AGGRESSIVE;
				GCC_WARN_UNUSED_FUNCTION = YES;
				GCC_WARN_UNUSED_VARIABLE = YES;
				IPHONEOS_DEPLOYMENT_TARGET = 14.2;
				MTL_ENABLE_DEBUG_INFO = NO;
				MTL_FAST_MATH = YES;
				SDKROOT = iphoneos;
				SWIFT_COMPILATION_MODE = wholemodule;
				SWIFT_OPTIMIZATION_LEVEL = "-O";
				VALIDATE_PRODUCT = YES;
			};
			name = Release;
		};
		E92718CD261B0AFB00EB0FBB /* Debug */ = {
			isa = XCBuildConfiguration;
			buildSettings = {
				ASSETCATALOG_COMPILER_APPICON_NAME = AppIcon;
				ASSETCATALOG_COMPILER_GLOBAL_ACCENT_COLOR_NAME = AccentColor;
				CODE_SIGN_STYLE = Automatic;
				DEVELOPMENT_TEAM = HG9R532D28;
				INFOPLIST_FILE = Weather/Info.plist;
				LD_RUNPATH_SEARCH_PATHS = (
					"$(inherited)",
					"@executable_path/Frameworks",
				);
				PRODUCT_BUNDLE_IDENTIFIER = com.JHWeather;
				PRODUCT_NAME = "$(TARGET_NAME)";
				SWIFT_VERSION = 5.0;
				TARGETED_DEVICE_FAMILY = "1,2";
			};
			name = Debug;
		};
		E92718CE261B0AFB00EB0FBB /* Release */ = {
			isa = XCBuildConfiguration;
			buildSettings = {
				ASSETCATALOG_COMPILER_APPICON_NAME = AppIcon;
				ASSETCATALOG_COMPILER_GLOBAL_ACCENT_COLOR_NAME = AccentColor;
				CODE_SIGN_STYLE = Automatic;
				DEVELOPMENT_TEAM = HG9R532D28;
				INFOPLIST_FILE = Weather/Info.plist;
				LD_RUNPATH_SEARCH_PATHS = (
					"$(inherited)",
					"@executable_path/Frameworks",
				);
				PRODUCT_BUNDLE_IDENTIFIER = com.JHWeather;
				PRODUCT_NAME = "$(TARGET_NAME)";
				SWIFT_VERSION = 5.0;
				TARGETED_DEVICE_FAMILY = "1,2";
			};
			name = Release;
		};
/* End XCBuildConfiguration section */

/* Begin XCConfigurationList section */
		E92718B0261B0AF800EB0FBB /* Build configuration list for PBXProject "Weather" */ = {
			isa = XCConfigurationList;
			buildConfigurations = (
				E92718CA261B0AFB00EB0FBB /* Debug */,
				E92718CB261B0AFB00EB0FBB /* Release */,
			);
			defaultConfigurationIsVisible = 0;
			defaultConfigurationName = Release;
		};
		E92718CC261B0AFB00EB0FBB /* Build configuration list for PBXNativeTarget "Weather" */ = {
			isa = XCConfigurationList;
			buildConfigurations = (
				E92718CD261B0AFB00EB0FBB /* Debug */,
				E92718CE261B0AFB00EB0FBB /* Release */,
			);
			defaultConfigurationIsVisible = 0;
			defaultConfigurationName = Release;
		};
/* End XCConfigurationList section */

/* Begin XCVersionGroup section */
		E92718C1261B0AF800EB0FBB /* Weather.xcdatamodeld */ = {
			isa = XCVersionGroup;
			children = (
				E92718C2261B0AF800EB0FBB /* Weather.xcdatamodel */,
			);
			currentVersion = E92718C2261B0AF800EB0FBB /* Weather.xcdatamodel */;
			path = Weather.xcdatamodeld;
			sourceTree = "<group>";
			versionGroupType = wrapper.xcdatamodel;
		};
/* End XCVersionGroup section */
	};
	rootObject = E92718AD261B0AF800EB0FBB /* Project object */;
}
